
Microsoft Visual Studio Solution File, Format Version 12.00
# Visual Studio 15
VisualStudioVersion = 15.0.28307.960
MinimumVisualStudioVersion = 10.0.40219.1
Project("{FAE04EC0-301F-11D3-BF4B-00C04F79EFBC}") = "Front", "Front\Front.csproj", "{16DB9676-3E81-4078-8EA6-521911E000DD}"
EndProject
Global
	GlobalSection(SolutionConfigurationPlatforms) = preSolution
		Debug|Any CPU = Debug|Any CPU
		Release|Any CPU = Release|Any CPU
	EndGlobalSection
	GlobalSection(ProjectConfigurationPlatforms) = postSolution
		{16DB9676-3E81-4078-8EA6-521911E000DD}.Debug|Any CPU.ActiveCfg = Debug|Any CPU
		{16DB9676-3E81-4078-8EA6-521911E000DD}.Debug|Any CPU.Build.0 = Debug|Any CPU
		{16DB9676-3E81-4078-8EA6-521911E000DD}.Release|Any CPU.ActiveCfg = Release|Any CPU
		{16DB9676-3E81-4078-8EA6-521911E000DD}.Release|Any CPU.Build.0 = Release|Any CPU
	EndGlobalSection
	GlobalSection(SolutionProperties) = preSolution
		HideSolutionNode = FALSE
	EndGlobalSection
	GlobalSection(ExtensibilityGlobals) = postSolution
		SolutionGuid = {9FEC6412-A4F3-4601-8E97-247088613037}
	EndGlobalSection
EndGlobal
